
Microsoft Visual Studio Solution File, Format Version 12.00
# Visual Studio Version 16
VisualStudioVersion = 16.0.31424.327
MinimumVisualStudioVersion = 10.0.40219.1
Project("{FAE04EC0-301F-11D3-BF4B-00C04F79EFBC}") = "Corporate messenger.Android", "Corporate messenger\Corporate messenger.Android\Corporate messenger.Android.csproj", "{0EB5F6B7-4436-4CBF-9505-5478961BDDC5}"
EndProject
Project("{9A19103F-16F7-4668-BE54-9A1E7A4F7556}") = "Corporate messenger", "Corporate messenger\Corporate messenger\Corporate messenger.csproj", "{4FAF65BC-354E-40CF-A2A6-411014A28FD3}"
EndProject
Project("{FAE04EC0-301F-11D3-BF4B-00C04F79EFBC}") = "Corporate messenger.iOS", "C:\Users\User4\Downloads\Corporate messenger.iOS\Corporate messenger.iOS.csproj", "{DCFC935C-BA51-4A2A-B327-41D3271DB626}"
EndProject
Project("{2150E333-8FDC-42A3-9474-1A3956D46DE8}") = "Solution Items", "Solution Items", "{5D394FFF-031D-4C65-AF2D-4452A86BA105}"
	ProjectSection(SolutionItems) = preProject
		.editorconfig = .editorconfig
	EndProjectSection
EndProject
Global
	GlobalSection(SolutionConfigurationPlatforms) = preSolution
		Debug|Any CPU = Debug|Any CPU
		Debug|iPhone = Debug|iPhone
		Debug|iPhoneSimulator = Debug|iPhoneSimulator
		Release|Any CPU = Release|Any CPU
		Release|iPhone = Release|iPhone
		Release|iPhoneSimulator = Release|iPhoneSimulator
	EndGlobalSection
	GlobalSection(ProjectConfigurationPlatforms) = postSolution
		{0EB5F6B7-4436-4CBF-9505-5478961BDDC5}.Debug|Any CPU.ActiveCfg = Debug|Any CPU
		{0EB5F6B7-4436-4CBF-9505-5478961BDDC5}.Debug|Any CPU.Build.0 = Debug|Any CPU
		{0EB5F6B7-4436-4CBF-9505-5478961BDDC5}.Debug|Any CPU.Deploy.0 = Debug|Any CPU
		{0EB5F6B7-4436-4CBF-9505-5478961BDDC5}.Debug|iPhone.ActiveCfg = Debug|Any CPU
		{0EB5F6B7-4436-4CBF-9505-5478961BDDC5}.Debug|iPhone.Build.0 = Debug|Any CPU
		{0EB5F6B7-4436-4CBF-9505-5478961BDDC5}.Debug|iPhone.Deploy.0 = Debug|Any CPU
		{0EB5F6B7-4436-4CBF-9505-5478961BDDC5}.Debug|iPhoneSimulator.ActiveCfg = Debug|Any CPU
		{0EB5F6B7-4436-4CBF-9505-5478961BDDC5}.Debug|iPhoneSimulator.Build.0 = Debug|Any CPU
		{0EB5F6B7-4436-4CBF-9505-5478961BDDC5}.Debug|iPhoneSimulator.Deploy.0 = Debug|Any CPU
		{0EB5F6B7-4436-4CBF-9505-5478961BDDC5}.Release|Any CPU.ActiveCfg = Release|Any CPU
		{0EB5F6B7-4436-4CBF-9505-5478961BDDC5}.Release|Any CPU.Build.0 = Release|Any CPU
		{0EB5F6B7-4436-4CBF-9505-5478961BDDC5}.Release|Any CPU.Deploy.0 = Release|Any CPU
		{0EB5F6B7-4436-4CBF-9505-5478961BDDC5}.Release|iPhone.ActiveCfg = Release|Any CPU
		{0EB5F6B7-4436-4CBF-9505-5478961BDDC5}.Release|iPhone.Build.0 = Release|Any CPU
		{0EB5F6B7-4436-4CBF-9505-5478961BDDC5}.Release|iPhone.Deploy.0 = Release|Any CPU
		{0EB5F6B7-4436-4CBF-9505-5478961BDDC5}.Release|iPhoneSimulator.ActiveCfg = Release|Any CPU
		{0EB5F6B7-4436-4CBF-9505-5478961BDDC5}.Release|iPhoneSimulator.Build.0 = Release|Any CPU
		{0EB5F6B7-4436-4CBF-9505-5478961BDDC5}.Release|iPhoneSimulator.Deploy.0 = Release|Any CPU
		{4FAF65BC-354E-40CF-A2A6-411014A28FD3}.Debug|Any CPU.ActiveCfg = Debug|Any CPU
		{4FAF65BC-354E-40CF-A2A6-411014A28FD3}.Debug|Any CPU.Build.0 = Debug|Any CPU
		{4FAF65BC-354E-40CF-A2A6-411014A28FD3}.Debug|Any CPU.Deploy.0 = Debug|Any CPU
		{4FAF65BC-354E-40CF-A2A6-411014A28FD3}.Debug|iPhone.ActiveCfg = Debug|Any CPU
		{4FAF65BC-354E-40CF-A2A6-411014A28FD3}.Debug|iPhone.Build.0 = Debug|Any CPU
		{4FAF65BC-354E-40CF-A2A6-411014A28FD3}.Debug|iPhone.Deploy.0 = Debug|Any CPU
		{4FAF65BC-354E-40CF-A2A6-411014A28FD3}.Debug|iPhoneSimulator.ActiveCfg = Debug|Any CPU
		{4FAF65BC-354E-40CF-A2A6-411014A28FD3}.Debug|iPhoneSimulator.Build.0 = Debug|Any CPU
		{4FAF65BC-354E-40CF-A2A6-411014A28FD3}.Debug|iPhoneSimulator.Deploy.0 = Debug|Any CPU
		{4FAF65BC-354E-40CF-A2A6-411014A28FD3}.Release|Any CPU.ActiveCfg = Release|Any CPU
		{4FAF65BC-354E-40CF-A2A6-411014A28FD3}.Release|Any CPU.Build.0 = Release|Any CPU
		{4FAF65BC-354E-40CF-A2A6-411014A28FD3}.Release|Any CPU.Deploy.0 = Release|Any CPU
		{4FAF65BC-354E-40CF-A2A6-411014A28FD3}.Release|iPhone.ActiveCfg = Release|Any CPU
		{4FAF65BC-354E-40CF-A2A6-411014A28FD3}.Release|iPhone.Build.0 = Release|Any CPU
		{4FAF65BC-354E-40CF-A2A6-411014A28FD3}.Release|iPhone.Deploy.0 = Release|Any CPU
		{4FAF65BC-354E-40CF-A2A6-411014A28FD3}.Release|iPhoneSimulator.ActiveCfg = Release|Any CPU
		{4FAF65BC-354E-40CF-A2A6-411014A28FD3}.Release|iPhoneSimulator.Build.0 = Release|Any CPU
		{4FAF65BC-354E-40CF-A2A6-411014A28FD3}.Release|iPhoneSimulator.Deploy.0 = Release|Any CPU
		{DCFC935C-BA51-4A2A-B327-41D3271DB626}.Debug|Any CPU.ActiveCfg = Debug|iPhoneSimulator
		{DCFC935C-BA51-4A2A-B327-41D3271DB626}.Debug|iPhone.ActiveCfg = Debug|iPhone
		{DCFC935C-BA51-4A2A-B327-41D3271DB626}.Debug|iPhone.Build.0 = Debug|iPhone
		{DCFC935C-BA51-4A2A-B327-41D3271DB626}.Debug|iPhoneSimulator.ActiveCfg = Debug|iPhoneSimulator
		{DCFC935C-BA51-4A2A-B327-41D3271DB626}.Debug|iPhoneSimulator.Build.0 = Debug|iPhoneSimulator
		{DCFC935C-BA51-4A2A-B327-41D3271DB626}.Release|Any CPU.ActiveCfg = Release|iPhoneSimulator
		{DCFC935C-BA51-4A2A-B327-41D3271DB626}.Release|iPhone.ActiveCfg = Release|iPhone
		{DCFC935C-BA51-4A2A-B327-41D3271DB626}.Release|iPhone.Build.0 = Release|iPhone
		{DCFC935C-BA51-4A2A-B327-41D3271DB626}.Release|iPhoneSimulator.ActiveCfg = Release|iPhoneSimulator
		{DCFC935C-BA51-4A2A-B327-41D3271DB626}.Release|iPhoneSimulator.Build.0 = Release|iPhoneSimulator
	EndGlobalSection
	GlobalSection(SolutionProperties) = preSolution
		HideSolutionNode = FALSE
	EndGlobalSection
	GlobalSection(ExtensibilityGlobals) = postSolution
		SolutionGuid = {72968D4A-6388-4D4D-8035-F410CC3FA2A5}
	EndGlobalSection
EndGlobal
